
Microsoft Visual Studio Solution File, Format Version 11.00
# Visual Studio 2010
Project("{FAE04EC0-301F-11D3-BF4B-00C04F79EFBC}") = "MSMQ.IISIntegratedDemo", "MSMQ.IISIntegratedDemo\MSMQ.IISIntegratedDemo.csproj", "{834A711D-0768-41D6-9640-ED14F4A3E013}"
EndProject
Project("{FAE04EC0-301F-11D3-BF4B-00C04F79EFBC}") = "MSMQ.IISIntegratedDemo.App", "MSMQ.IISIntegratedDemo.App\MSMQ.IISIntegratedDemo.App.csproj", "{C467E702-D8B2-49B0-8AC7-1147479D3805}"
EndProject
Project("{FAE04EC0-301F-11D3-BF4B-00C04F79EFBC}") = "MSMQ.IISIntegratedDemo.Contract", "MSMQ.IISIntegratedDemo.Contract\MSMQ.IISIntegratedDemo.Contract.csproj", "{8F27D9D5-EB15-4C38-B1A6-3A53212F2AA2}"
EndProject
Global
	GlobalSection(SolutionConfigurationPlatforms) = preSolution
		Debug|Any CPU = Debug|Any CPU
		Debug|Mixed Platforms = Debug|Mixed Platforms
		Debug|x86 = Debug|x86
		Release|Any CPU = Release|Any CPU
		Release|Mixed Platforms = Release|Mixed Platforms
		Release|x86 = Release|x86
	EndGlobalSection
	GlobalSection(ProjectConfigurationPlatforms) = postSolution
		{834A711D-0768-41D6-9640-ED14F4A3E013}.Debug|Any CPU.ActiveCfg = Debug|Any CPU
		{834A711D-0768-41D6-9640-ED14F4A3E013}.Debug|Any CPU.Build.0 = Debug|Any CPU
		{834A711D-0768-41D6-9640-ED14F4A3E013}.Debug|Mixed Platforms.ActiveCfg = Debug|Any CPU
		{834A711D-0768-41D6-9640-ED14F4A3E013}.Debug|Mixed Platforms.Build.0 = Debug|Any CPU
		{834A711D-0768-41D6-9640-ED14F4A3E013}.Debug|x86.ActiveCfg = Debug|Any CPU
		{834A711D-0768-41D6-9640-ED14F4A3E013}.Release|Any CPU.ActiveCfg = Release|Any CPU
		{834A711D-0768-41D6-9640-ED14F4A3E013}.Release|Any CPU.Build.0 = Release|Any CPU
		{834A711D-0768-41D6-9640-ED14F4A3E013}.Release|Mixed Platforms.ActiveCfg = Release|Any CPU
		{834A711D-0768-41D6-9640-ED14F4A3E013}.Release|Mixed Platforms.Build.0 = Release|Any CPU
		{834A711D-0768-41D6-9640-ED14F4A3E013}.Release|x86.ActiveCfg = Release|Any CPU
		{C467E702-D8B2-49B0-8AC7-1147479D3805}.Debug|Any CPU.ActiveCfg = Debug|x86
		{C467E702-D8B2-49B0-8AC7-1147479D3805}.Debug|Mixed Platforms.ActiveCfg = Debug|x86
		{C467E702-D8B2-49B0-8AC7-1147479D3805}.Debug|Mixed Platforms.Build.0 = Debug|x86
		{C467E702-D8B2-49B0-8AC7-1147479D3805}.Debug|x86.ActiveCfg = Debug|x86
		{C467E702-D8B2-49B0-8AC7-1147479D3805}.Debug|x86.Build.0 = Debug|x86
		{C467E702-D8B2-49B0-8AC7-1147479D3805}.Release|Any CPU.ActiveCfg = Release|x86
		{C467E702-D8B2-49B0-8AC7-1147479D3805}.Release|Mixed Platforms.ActiveCfg = Release|x86
		{C467E702-D8B2-49B0-8AC7-1147479D3805}.Release|Mixed Platforms.Build.0 = Release|x86
		{C467E702-D8B2-49B0-8AC7-1147479D3805}.Release|x86.ActiveCfg = Release|x86
		{C467E702-D8B2-49B0-8AC7-1147479D3805}.Release|x86.Build.0 = Release|x86
		{8F27D9D5-EB15-4C38-B1A6-3A53212F2AA2}.Debug|Any CPU.ActiveCfg = Debug|Any CPU
		{8F27D9D5-EB15-4C38-B1A6-3A53212F2AA2}.Debug|Any CPU.Build.0 = Debug|Any CPU
		{8F27D9D5-EB15-4C38-B1A6-3A53212F2AA2}.Debug|Mixed Platforms.ActiveCfg = Debug|Any CPU
		{8F27D9D5-EB15-4C38-B1A6-3A53212F2AA2}.Debug|Mixed Platforms.Build.0 = Debug|Any CPU
		{8F27D9D5-EB15-4C38-B1A6-3A53212F2AA2}.Debug|x86.ActiveCfg = Debug|Any CPU
		{8F27D9D5-EB15-4C38-B1A6-3A53212F2AA2}.Release|Any CPU.ActiveCfg = Release|Any CPU
		{8F27D9D5-EB15-4C38-B1A6-3A53212F2AA2}.Release|Any CPU.Build.0 = Release|Any CPU
		{8F27D9D5-EB15-4C38-B1A6-3A53212F2AA2}.Release|Mixed Platforms.ActiveCfg = Release|Any CPU
		{8F27D9D5-EB15-4C38-B1A6-3A53212F2AA2}.Release|Mixed Platforms.Build.0 = Release|Any CPU
		{8F27D9D5-EB15-4C38-B1A6-3A53212F2AA2}.Release|x86.ActiveCfg = Release|Any CPU
	EndGlobalSection
	GlobalSection(SolutionProperties) = preSolution
		HideSolutionNode = FALSE
	EndGlobalSection
EndGlobal
